
Microsoft Visual Studio Solution File, Format Version 12.00
# Visual Studio Version 17
VisualStudioVersion = 17.0.31903.59
MinimumVisualStudioVersion = 10.0.40219.1
Project("{FAE04EC0-301F-11D3-BF4B-00C04F79EFBC}") = "task11", "task11\task11.csproj", "{0D88005C-7C49-441D-8DBF-B3174E599F8A}"
EndProject
Project("{FAE04EC0-301F-11D3-BF4B-00C04F79EFBC}") = "task11tests", "task11tests\task11tests.csproj", "{36B62783-0165-47D2-84A8-E2DA9376185B}"
EndProject
Global
	GlobalSection(SolutionConfigurationPlatforms) = preSolution
		Debug|Any CPU = Debug|Any CPU
		Release|Any CPU = Release|Any CPU
	EndGlobalSection
	GlobalSection(ProjectConfigurationPlatforms) = postSolution
		{F4B13937-A0A9-4456-8CCC-B424E4455A89}.Debug|Any CPU.ActiveCfg = Debug|Any CPU
		{F4B13937-A0A9-4456-8CCC-B424E4455A89}.Debug|Any CPU.Build.0 = Debug|Any CPU
		{F4B13937-A0A9-4456-8CCC-B424E4455A89}.Release|Any CPU.ActiveCfg = Release|Any CPU
		{F4B13937-A0A9-4456-8CCC-B424E4455A89}.Release|Any CPU.Build.0 = Release|Any CPU
		{190A87E9-5439-4814-B168-B3BEFD1FFCA7}.Debug|Any CPU.ActiveCfg = Debug|Any CPU
		{190A87E9-5439-4814-B168-B3BEFD1FFCA7}.Debug|Any CPU.Build.0 = Debug|Any CPU
		{190A87E9-5439-4814-B168-B3BEFD1FFCA7}.Release|Any CPU.ActiveCfg = Release|Any CPU
		{190A87E9-5439-4814-B168-B3BEFD1FFCA7}.Release|Any CPU.Build.0 = Release|Any CPU
		{3C2124FF-CB72-46B4-9D95-CDC508F4EF6C}.Debug|Any CPU.ActiveCfg = Debug|Any CPU
		{3C2124FF-CB72-46B4-9D95-CDC508F4EF6C}.Debug|Any CPU.Build.0 = Debug|Any CPU
		{3C2124FF-CB72-46B4-9D95-CDC508F4EF6C}.Release|Any CPU.ActiveCfg = Release|Any CPU
		{3C2124FF-CB72-46B4-9D95-CDC508F4EF6C}.Release|Any CPU.Build.0 = Release|Any CPU
		{0D88005C-7C49-441D-8DBF-B3174E599F8A}.Debug|Any CPU.ActiveCfg = Debug|Any CPU
		{0D88005C-7C49-441D-8DBF-B3174E599F8A}.Debug|Any CPU.Build.0 = Debug|Any CPU
		{0D88005C-7C49-441D-8DBF-B3174E599F8A}.Release|Any CPU.ActiveCfg = Release|Any CPU
		{0D88005C-7C49-441D-8DBF-B3174E599F8A}.Release|Any CPU.Build.0 = Release|Any CPU
		{36B62783-0165-47D2-84A8-E2DA9376185B}.Debug|Any CPU.ActiveCfg = Debug|Any CPU
		{36B62783-0165-47D2-84A8-E2DA9376185B}.Debug|Any CPU.Build.0 = Debug|Any CPU
		{36B62783-0165-47D2-84A8-E2DA9376185B}.Release|Any CPU.ActiveCfg = Release|Any CPU
		{36B62783-0165-47D2-84A8-E2DA9376185B}.Release|Any CPU.Build.0 = Release|Any CPU
	EndGlobalSection
	GlobalSection(SolutionProperties) = preSolution
		HideSolutionNode = FALSE
	EndGlobalSection
EndGlobal
